
Microsoft Visual Studio Solution File, Format Version 12.00
# Visual Studio Version 16
VisualStudioVersion = 16.0.31515.178
MinimumVisualStudioVersion = 10.0.40219.1
Project("{FAE04EC0-301F-11D3-BF4B-00C04F79EFBC}") = "sistemaCicinho", "sistemaCicinho.csproj", "{596CE4FE-FB51-4BFF-B497-8206315F0146}"
EndProject
Global
	GlobalSection(SolutionConfigurationPlatforms) = preSolution
		Debug|Any CPU = Debug|Any CPU
		Release|Any CPU = Release|Any CPU
	EndGlobalSection
	GlobalSection(ProjectConfigurationPlatforms) = postSolution
		{596CE4FE-FB51-4BFF-B497-8206315F0146}.Debug|Any CPU.ActiveCfg = Debug|Any CPU
		{596CE4FE-FB51-4BFF-B497-8206315F0146}.Debug|Any CPU.Build.0 = Debug|Any CPU
		{596CE4FE-FB51-4BFF-B497-8206315F0146}.Release|Any CPU.ActiveCfg = Release|Any CPU
		{596CE4FE-FB51-4BFF-B497-8206315F0146}.Release|Any CPU.Build.0 = Release|Any CPU
	EndGlobalSection
	GlobalSection(SolutionProperties) = preSolution
		HideSolutionNode = FALSE
	EndGlobalSection
	GlobalSection(ExtensibilityGlobals) = postSolution
		SolutionGuid = {24D93444-B40C-4667-8BC3-9504A950E002}
	EndGlobalSection
EndGlobal
